
Microsoft Visual Studio Solution File, Format Version 12.00
# Visual Studio Version 17
VisualStudioVersion = 17.2.32505.173
MinimumVisualStudioVersion = 10.0.40219.1
Project("{FAE04EC0-301F-11D3-BF4B-00C04F79EFBC}") = "program", "program\program.csproj", "{AE74AD8E-8330-40C0-A42C-A49D77C8E23D}"
EndProject
Global
	GlobalSection(SolutionConfigurationPlatforms) = preSolution
		Debug|Any CPU = Debug|Any CPU
		Release|Any CPU = Release|Any CPU
	EndGlobalSection
	GlobalSection(ProjectConfigurationPlatforms) = postSolution
		{AE74AD8E-8330-40C0-A42C-A49D77C8E23D}.Debug|Any CPU.ActiveCfg = Debug|Any CPU
		{AE74AD8E-8330-40C0-A42C-A49D77C8E23D}.Debug|Any CPU.Build.0 = Debug|Any CPU
		{AE74AD8E-8330-40C0-A42C-A49D77C8E23D}.Release|Any CPU.ActiveCfg = Release|Any CPU
		{AE74AD8E-8330-40C0-A42C-A49D77C8E23D}.Release|Any CPU.Build.0 = Release|Any CPU
	EndGlobalSection
	GlobalSection(SolutionProperties) = preSolution
		HideSolutionNode = FALSE
	EndGlobalSection
	GlobalSection(ExtensibilityGlobals) = postSolution
		SolutionGuid = {18151807-3093-4A3A-A1F5-32FB2AF970C3}
	EndGlobalSection
EndGlobal
